<Solution>
  <Project Path="ODDGames.Bugpunch.csproj" />
  <Project Path="PaxScript.csproj" />
  <Project Path="ODDGames.Bugpunch.Editor.csproj" />
  <Project Path="ODDGames.Bugpunch.Samples.csproj" />
  <Project Path="Assembly-CSharp-Editor.csproj" />
  <Project Path="ODDGames.Bugpunch.Tests.PlayMode.csproj" />
  <Project Path="ODDGames.Bugpunch.Bridge.csproj" />
  <Project Path="Assembly-CSharp.csproj" />
  <Project Path="ODDGames.Bugpunch.Samples.Editor.csproj" />
</Solution>
